
Microsoft Visual Studio Solution File, Format Version 12.00
# Visual Studio Version 16
VisualStudioVersion = 16.0.29519.87
MinimumVisualStudioVersion = 10.0.40219.1
Project("{9A19103F-16F7-4668-BE54-9A1E7A4F7556}") = "Blazui.Component", "..\blazui\src\Blazui.Component\Blazui.Component.csproj", "{CED67835-5252-40AB-9FC7-35B38A9005C4}"
EndProject
Project("{9A19103F-16F7-4668-BE54-9A1E7A4F7556}") = "BlazAdmin.Docs", "src\BlazAdmin.Docs\BlazAdmin.Docs.csproj", "{79830AD2-3FEF-4E6A-8064-BD2320146101}"
EndProject
Project("{2150E333-8FDC-42A3-9474-1A3956D46DE8}") = "docs", "docs", "{B0C9413B-2E52-4243-A25C-FD3DC49A447A}"
	ProjectSection(SolutionItems) = preProject
		README.md = README.md
	EndProjectSection
EndProject
Project("{2150E333-8FDC-42A3-9474-1A3956D46DE8}") = "src", "src", "{8E11FDAD-45C7-4E56-95D6-A41FE41FDB39}"
EndProject
Project("{9A19103F-16F7-4668-BE54-9A1E7A4F7556}") = "BlazAdmin.Core", "src\BlazAdmin.Core\BlazAdmin.Core.csproj", "{7E400DAB-71B8-4960-9B1F-01D14FE4E135}"
EndProject
Project("{9A19103F-16F7-4668-BE54-9A1E7A4F7556}") = "BlazAdmin.Authentication.Identity", "src\BlazAdmin.Authentication.Identity\BlazAdmin.Authentication.Identity.csproj", "{F6E06D87-FE8D-411A-A230-8F7E9DE1D802}"
EndProject
Global
	GlobalSection(SolutionConfigurationPlatforms) = preSolution
		Debug|Any CPU = Debug|Any CPU
		Release|Any CPU = Release|Any CPU
	EndGlobalSection
	GlobalSection(ProjectConfigurationPlatforms) = postSolution
		{CED67835-5252-40AB-9FC7-35B38A9005C4}.Debug|Any CPU.ActiveCfg = Debug|Any CPU
		{CED67835-5252-40AB-9FC7-35B38A9005C4}.Debug|Any CPU.Build.0 = Debug|Any CPU
		{CED67835-5252-40AB-9FC7-35B38A9005C4}.Release|Any CPU.ActiveCfg = Release|Any CPU
		{CED67835-5252-40AB-9FC7-35B38A9005C4}.Release|Any CPU.Build.0 = Release|Any CPU
		{79830AD2-3FEF-4E6A-8064-BD2320146101}.Debug|Any CPU.ActiveCfg = Debug|Any CPU
		{79830AD2-3FEF-4E6A-8064-BD2320146101}.Debug|Any CPU.Build.0 = Debug|Any CPU
		{79830AD2-3FEF-4E6A-8064-BD2320146101}.Release|Any CPU.ActiveCfg = Release|Any CPU
		{79830AD2-3FEF-4E6A-8064-BD2320146101}.Release|Any CPU.Build.0 = Release|Any CPU
		{7E400DAB-71B8-4960-9B1F-01D14FE4E135}.Debug|Any CPU.ActiveCfg = Debug|Any CPU
		{7E400DAB-71B8-4960-9B1F-01D14FE4E135}.Debug|Any CPU.Build.0 = Debug|Any CPU
		{7E400DAB-71B8-4960-9B1F-01D14FE4E135}.Release|Any CPU.ActiveCfg = Release|Any CPU
		{7E400DAB-71B8-4960-9B1F-01D14FE4E135}.Release|Any CPU.Build.0 = Release|Any CPU
		{F6E06D87-FE8D-411A-A230-8F7E9DE1D802}.Debug|Any CPU.ActiveCfg = Debug|Any CPU
		{F6E06D87-FE8D-411A-A230-8F7E9DE1D802}.Debug|Any CPU.Build.0 = Debug|Any CPU
		{F6E06D87-FE8D-411A-A230-8F7E9DE1D802}.Release|Any CPU.ActiveCfg = Release|Any CPU
		{F6E06D87-FE8D-411A-A230-8F7E9DE1D802}.Release|Any CPU.Build.0 = Release|Any CPU
	EndGlobalSection
	GlobalSection(SolutionProperties) = preSolution
		HideSolutionNode = FALSE
	EndGlobalSection
	GlobalSection(NestedProjects) = preSolution
		{79830AD2-3FEF-4E6A-8064-BD2320146101} = {8E11FDAD-45C7-4E56-95D6-A41FE41FDB39}
		{7E400DAB-71B8-4960-9B1F-01D14FE4E135} = {8E11FDAD-45C7-4E56-95D6-A41FE41FDB39}
		{F6E06D87-FE8D-411A-A230-8F7E9DE1D802} = {8E11FDAD-45C7-4E56-95D6-A41FE41FDB39}
	EndGlobalSection
	GlobalSection(ExtensibilityGlobals) = postSolution
		SolutionGuid = {85E04683-718A-4B92-AF00-3696180326BE}
	EndGlobalSection
EndGlobal
